// !$*UTF8*$!
{
	archiveVersion = 1;
	classes = {
	};
	objectVersion = 56;
	objects = {

/* Begin PBXBuildFile section */
		E89926B52A13CDF700876248 /* URLImageView.swift in Sources */ = {isa = PBXBuildFile; fileRef = E89926B42A13CDF700876248 /* URLImageView.swift */; };
		E89926B82A13E56900876248 /* ImageLoader.swift in Sources */ = {isa = PBXBuildFile; fileRef = E89926B72A13E56900876248 /* ImageLoader.swift */; };
		E8EE45F12A1359950066A1CF /* _GIS_TESTApp.swift in Sources */ = {isa = PBXBuildFile; fileRef = E8EE45F02A1359950066A1CF /* _GIS_TESTApp.swift */; };
		E8EE45F32A1359950066A1CF /* CategoriesView.swift in Sources */ = {isa = PBXBuildFile; fileRef = E8EE45F22A1359950066A1CF /* CategoriesView.swift */; };
		E8EE45F52A1359970066A1CF /* Assets.xcassets in Resources */ = {isa = PBXBuildFile; fileRef = E8EE45F42A1359970066A1CF /* Assets.xcassets */; };
		E8EE45F82A1359970066A1CF /* Preview Assets.xcassets in Resources */ = {isa = PBXBuildFile; fileRef = E8EE45F72A1359970066A1CF /* Preview Assets.xcassets */; };
		E8EE46002A1360850066A1CF /* CategoryResponse.swift in Sources */ = {isa = PBXBuildFile; fileRef = E8EE45FF2A1360850066A1CF /* CategoryResponse.swift */; };
		E8EE46042A1361D60066A1CF /* CategoriesViewModel.swift in Sources */ = {isa = PBXBuildFile; fileRef = E8EE46032A1361D60066A1CF /* CategoriesViewModel.swift */; };
		E8EE460D2A1364610066A1CF /* DecoderService.swift in Sources */ = {isa = PBXBuildFile; fileRef = E8EE460A2A1364610066A1CF /* DecoderService.swift */; };
		E8EE460E2A1364610066A1CF /* NetworkService.swift in Sources */ = {isa = PBXBuildFile; fileRef = E8EE460B2A1364610066A1CF /* NetworkService.swift */; };
		E8EE46112A13650A0066A1CF /* Moya in Frameworks */ = {isa = PBXBuildFile; productRef = E8EE46102A13650A0066A1CF /* Moya */; };
		E8EE46132A13659F0066A1CF /* CategoriesAPIService.swift in Sources */ = {isa = PBXBuildFile; fileRef = E8EE46122A13659F0066A1CF /* CategoriesAPIService.swift */; };
		E8EE46152A1365A50066A1CF /* ShowEndpoints.swift in Sources */ = {isa = PBXBuildFile; fileRef = E8EE46142A1365A50066A1CF /* ShowEndpoints.swift */; };
		E8EE46182A136ADF0066A1CF /* FlowStacks in Frameworks */ = {isa = PBXBuildFile; productRef = E8EE46172A136ADF0066A1CF /* FlowStacks */; };
		E8EE461B2A136B460066A1CF /* AppCoordinator.swift in Sources */ = {isa = PBXBuildFile; fileRef = E8EE461A2A136B460066A1CF /* AppCoordinator.swift */; };
		E8EE461D2A136F520066A1CF /* CategoriesModel.swift in Sources */ = {isa = PBXBuildFile; fileRef = E8EE461C2A136F520066A1CF /* CategoriesModel.swift */; };
		E8EE46202A1387E30066A1CF /* ColorExtension.swift in Sources */ = {isa = PBXBuildFile; fileRef = E8EE461F2A1387E30066A1CF /* ColorExtension.swift */; };
		E8EE46222A1391660066A1CF /* ObjectsView.swift in Sources */ = {isa = PBXBuildFile; fileRef = E8EE46212A1391660066A1CF /* ObjectsView.swift */; };
		E8EE46242A1391760066A1CF /* ObjectsViewModel.swift in Sources */ = {isa = PBXBuildFile; fileRef = E8EE46232A1391760066A1CF /* ObjectsViewModel.swift */; };
		E8EE46262A1391850066A1CF /* ObjectsModel.swift in Sources */ = {isa = PBXBuildFile; fileRef = E8EE46252A1391850066A1CF /* ObjectsModel.swift */; };
/* End PBXBuildFile section */

/* Begin PBXFileReference section */
		E89926B02A13B7CA00876248 /* -GIS-TEST-Info.plist */ = {isa = PBXFileReference; lastKnownFileType = text.plist; path = "-GIS-TEST-Info.plist"; sourceTree = SOURCE_ROOT; };
		E89926B42A13CDF700876248 /* URLImageView.swift */ = {isa = PBXFileReference; lastKnownFileType = sourcecode.swift; path = URLImageView.swift; sourceTree = "<group>"; };
		E89926B72A13E56900876248 /* ImageLoader.swift */ = {isa = PBXFileReference; lastKnownFileType = sourcecode.swift; path = ImageLoader.swift; sourceTree = "<group>"; };
		E8EE45ED2A1359950066A1CF /* 2GIS_TEST.app */ = {isa = PBXFileReference; explicitFileType = wrapper.application; includeInIndex = 0; path = 2GIS_TEST.app; sourceTree = BUILT_PRODUCTS_DIR; };
		E8EE45F02A1359950066A1CF /* _GIS_TESTApp.swift */ = {isa = PBXFileReference; lastKnownFileType = sourcecode.swift; path = _GIS_TESTApp.swift; sourceTree = "<group>"; };
		E8EE45F22A1359950066A1CF /* CategoriesView.swift */ = {isa = PBXFileReference; lastKnownFileType = sourcecode.swift; path = CategoriesView.swift; sourceTree = "<group>"; };
		E8EE45F42A1359970066A1CF /* Assets.xcassets */ = {isa = PBXFileReference; lastKnownFileType = folder.assetcatalog; path = Assets.xcassets; sourceTree = "<group>"; };
		E8EE45F72A1359970066A1CF /* Preview Assets.xcassets */ = {isa = PBXFileReference; lastKnownFileType = folder.assetcatalog; path = "Preview Assets.xcassets"; sourceTree = "<group>"; };
		E8EE45FF2A1360850066A1CF /* CategoryResponse.swift */ = {isa = PBXFileReference; lastKnownFileType = sourcecode.swift; path = CategoryResponse.swift; sourceTree = "<group>"; };
		E8EE46032A1361D60066A1CF /* CategoriesViewModel.swift */ = {isa = PBXFileReference; lastKnownFileType = sourcecode.swift; path = CategoriesViewModel.swift; sourceTree = "<group>"; };
		E8EE460A2A1364610066A1CF /* DecoderService.swift */ = {isa = PBXFileReference; fileEncoding = 4; lastKnownFileType = sourcecode.swift; path = DecoderService.swift; sourceTree = "<group>"; };
		E8EE460B2A1364610066A1CF /* NetworkService.swift */ = {isa = PBXFileReference; fileEncoding = 4; lastKnownFileType = sourcecode.swift; path = NetworkService.swift; sourceTree = "<group>"; };
		E8EE46122A13659F0066A1CF /* CategoriesAPIService.swift */ = {isa = PBXFileReference; fileEncoding = 4; lastKnownFileType = sourcecode.swift; path = CategoriesAPIService.swift; sourceTree = "<group>"; };
		E8EE46142A1365A50066A1CF /* ShowEndpoints.swift */ = {isa = PBXFileReference; fileEncoding = 4; lastKnownFileType = sourcecode.swift; path = ShowEndpoints.swift; sourceTree = "<group>"; };
		E8EE461A2A136B460066A1CF /* AppCoordinator.swift */ = {isa = PBXFileReference; lastKnownFileType = sourcecode.swift; path = AppCoordinator.swift; sourceTree = "<group>"; };
		E8EE461C2A136F520066A1CF /* CategoriesModel.swift */ = {isa = PBXFileReference; lastKnownFileType = sourcecode.swift; path = CategoriesModel.swift; sourceTree = "<group>"; };
		E8EE461F2A1387E30066A1CF /* ColorExtension.swift */ = {isa = PBXFileReference; lastKnownFileType = sourcecode.swift; path = ColorExtension.swift; sourceTree = "<group>"; };
		E8EE46212A1391660066A1CF /* ObjectsView.swift */ = {isa = PBXFileReference; lastKnownFileType = sourcecode.swift; path = ObjectsView.swift; sourceTree = "<group>"; };
		E8EE46232A1391760066A1CF /* ObjectsViewModel.swift */ = {isa = PBXFileReference; lastKnownFileType = sourcecode.swift; path = ObjectsViewModel.swift; sourceTree = "<group>"; };
		E8EE46252A1391850066A1CF /* ObjectsModel.swift */ = {isa = PBXFileReference; lastKnownFileType = sourcecode.swift; path = ObjectsModel.swift; sourceTree = "<group>"; };
/* End PBXFileReference section */

/* Begin PBXFrameworksBuildPhase section */
		E8EE45EA2A1359950066A1CF /* Frameworks */ = {
			isa = PBXFrameworksBuildPhase;
			buildActionMask = 2147483647;
			files = (
				E8EE46112A13650A0066A1CF /* Moya in Frameworks */,
				E8EE46182A136ADF0066A1CF /* FlowStacks in Frameworks */,
			);
			runOnlyForDeploymentPostprocessing = 0;
		};
/* End PBXFrameworksBuildPhase section */

/* Begin PBXGroup section */
		E89926B32A13CDED00876248 /* Views */ = {
			isa = PBXGroup;
			children = (
				E89926B42A13CDF700876248 /* URLImageView.swift */,
			);
			path = Views;
			sourceTree = "<group>";
		};
		E89926B62A13E55800876248 /* Helpers */ = {
			isa = PBXGroup;
			children = (
				E89926B72A13E56900876248 /* ImageLoader.swift */,
			);
			path = Helpers;
			sourceTree = "<group>";
		};
		E8EE45E42A1359950066A1CF = {
			isa = PBXGroup;
			children = (
				E8EE45EF2A1359950066A1CF /* 2GIS_TEST */,
				E8EE45EE2A1359950066A1CF /* Products */,
			);
			sourceTree = "<group>";
		};
		E8EE45EE2A1359950066A1CF /* Products */ = {
			isa = PBXGroup;
			children = (
				E8EE45ED2A1359950066A1CF /* 2GIS_TEST.app */,
			);
			name = Products;
			sourceTree = "<group>";
		};
		E8EE45EF2A1359950066A1CF /* 2GIS_TEST */ = {
			isa = PBXGroup;
			children = (
				E89926B02A13B7CA00876248 /* -GIS-TEST-Info.plist */,
				E89926B62A13E55800876248 /* Helpers */,
				E8EE461E2A1387CE0066A1CF /* Extensions */,
				E8EE46082A1363E50066A1CF /* Entities */,
				E8EE46052A1361E40066A1CF /* Application */,
				E8EE46192A136B350066A1CF /* Coordinators */,
				E89926B32A13CDED00876248 /* Views */,
				E8EE46022A1361B50066A1CF /* Flows */,
				E8EE45FE2A1360590066A1CF /* Service */,
				E8EE45F62A1359970066A1CF /* Preview Content */,
			);
			path = 2GIS_TEST;
			sourceTree = "<group>";
		};
		E8EE45F62A1359970066A1CF /* Preview Content */ = {
			isa = PBXGroup;
			children = (
				E8EE45F72A1359970066A1CF /* Preview Assets.xcassets */,
			);
			path = "Preview Content";
			sourceTree = "<group>";
		};
		E8EE45FE2A1360590066A1CF /* Service */ = {
			isa = PBXGroup;
			children = (
				E8EE46142A1365A50066A1CF /* ShowEndpoints.swift */,
				E8EE46122A13659F0066A1CF /* CategoriesAPIService.swift */,
				E8EE460A2A1364610066A1CF /* DecoderService.swift */,
				E8EE460B2A1364610066A1CF /* NetworkService.swift */,
			);
			path = Service;
			sourceTree = "<group>";
		};
		E8EE46022A1361B50066A1CF /* Flows */ = {
			isa = PBXGroup;
			children = (
				E8EE46072A13624B0066A1CF /* Objects */,
				E8EE46062A1362000066A1CF /* Categories */,
			);
			path = Flows;
			sourceTree = "<group>";
		};
		E8EE46052A1361E40066A1CF /* Application */ = {
			isa = PBXGroup;
			children = (
				E8EE45F02A1359950066A1CF /* _GIS_TESTApp.swift */,
				E8EE45F42A1359970066A1CF /* Assets.xcassets */,
			);
			path = Application;
			sourceTree = "<group>";
		};
		E8EE46062A1362000066A1CF /* Categories */ = {
			isa = PBXGroup;
			children = (
				E8EE46032A1361D60066A1CF /* CategoriesViewModel.swift */,
				E8EE45F22A1359950066A1CF /* CategoriesView.swift */,
				E8EE461C2A136F520066A1CF /* CategoriesModel.swift */,
			);
			path = Categories;
			sourceTree = "<group>";
		};
		E8EE46072A13624B0066A1CF /* Objects */ = {
			isa = PBXGroup;
			children = (
				E8EE46212A1391660066A1CF /* ObjectsView.swift */,
				E8EE46232A1391760066A1CF /* ObjectsViewModel.swift */,
				E8EE46252A1391850066A1CF /* ObjectsModel.swift */,
			);
			path = Objects;
			sourceTree = "<group>";
		};
		E8EE46082A1363E50066A1CF /* Entities */ = {
			isa = PBXGroup;
			children = (
				E8EE45FF2A1360850066A1CF /* CategoryResponse.swift */,
			);
			path = Entities;
			sourceTree = "<group>";
		};
		E8EE46192A136B350066A1CF /* Coordinators */ = {
			isa = PBXGroup;
			children = (
				E8EE461A2A136B460066A1CF /* AppCoordinator.swift */,
			);
			path = Coordinators;
			sourceTree = "<group>";
		};
		E8EE461E2A1387CE0066A1CF /* Extensions */ = {
			isa = PBXGroup;
			children = (
				E8EE461F2A1387E30066A1CF /* ColorExtension.swift */,
			);
			path = Extensions;
			sourceTree = "<group>";
		};
/* End PBXGroup section */

/* Begin PBXNativeTarget section */
		E8EE45EC2A1359950066A1CF /* 2GIS_TEST */ = {
			isa = PBXNativeTarget;
			buildConfigurationList = E8EE45FB2A1359970066A1CF /* Build configuration list for PBXNativeTarget "2GIS_TEST" */;
			buildPhases = (
				E8EE45E92A1359950066A1CF /* Sources */,
				E8EE45EA2A1359950066A1CF /* Frameworks */,
				E8EE45EB2A1359950066A1CF /* Resources */,
			);
			buildRules = (
			);
			dependencies = (
			);
			name = 2GIS_TEST;
			packageProductDependencies = (
				E8EE46102A13650A0066A1CF /* Moya */,
				E8EE46172A136ADF0066A1CF /* FlowStacks */,
			);
			productName = 2GIS_TEST;
			productReference = E8EE45ED2A1359950066A1CF /* 2GIS_TEST.app */;
			productType = "com.apple.product-type.application";
		};
/* End PBXNativeTarget section */

/* Begin PBXProject section */
		E8EE45E52A1359950066A1CF /* Project object */ = {
			isa = PBXProject;
			attributes = {
				BuildIndependentTargetsInParallel = 1;
				LastSwiftUpdateCheck = 1420;
				LastUpgradeCheck = 1420;
				TargetAttributes = {
					E8EE45EC2A1359950066A1CF = {
						CreatedOnToolsVersion = 14.2;
					};
				};
			};
			buildConfigurationList = E8EE45E82A1359950066A1CF /* Build configuration list for PBXProject "2GIS_TEST" */;
			compatibilityVersion = "Xcode 14.0";
			developmentRegion = en;
			hasScannedForEncodings = 0;
			knownRegions = (
				en,
				Base,
			);
			mainGroup = E8EE45E42A1359950066A1CF;
			packageReferences = (
				E8EE460F2A13650A0066A1CF /* XCRemoteSwiftPackageReference "Moya" */,
				E8EE46162A136ADF0066A1CF /* XCRemoteSwiftPackageReference "FlowStacks" */,
			);
			productRefGroup = E8EE45EE2A1359950066A1CF /* Products */;
			projectDirPath = "";
			projectRoot = "";
			targets = (
				E8EE45EC2A1359950066A1CF /* 2GIS_TEST */,
			);
		};
/* End PBXProject section */

/* Begin PBXResourcesBuildPhase section */
		E8EE45EB2A1359950066A1CF /* Resources */ = {
			isa = PBXResourcesBuildPhase;
			buildActionMask = 2147483647;
			files = (
				E8EE45F82A1359970066A1CF /* Preview Assets.xcassets in Resources */,
				E8EE45F52A1359970066A1CF /* Assets.xcassets in Resources */,
			);
			runOnlyForDeploymentPostprocessing = 0;
		};
/* End PBXResourcesBuildPhase section */

/* Begin PBXSourcesBuildPhase section */
		E8EE45E92A1359950066A1CF /* Sources */ = {
			isa = PBXSourcesBuildPhase;
			buildActionMask = 2147483647;
			files = (
				E8EE46042A1361D60066A1CF /* CategoriesViewModel.swift in Sources */,
				E8EE45F32A1359950066A1CF /* CategoriesView.swift in Sources */,
				E8EE45F12A1359950066A1CF /* _GIS_TESTApp.swift in Sources */,
				E8EE46152A1365A50066A1CF /* ShowEndpoints.swift in Sources */,
				E8EE460D2A1364610066A1CF /* DecoderService.swift in Sources */,
				E8EE46222A1391660066A1CF /* ObjectsView.swift in Sources */,
				E89926B82A13E56900876248 /* ImageLoader.swift in Sources */,
				E8EE461D2A136F520066A1CF /* CategoriesModel.swift in Sources */,
				E8EE46132A13659F0066A1CF /* CategoriesAPIService.swift in Sources */,
				E8EE461B2A136B460066A1CF /* AppCoordinator.swift in Sources */,
				E8EE46002A1360850066A1CF /* CategoryResponse.swift in Sources */,
				E8EE46262A1391850066A1CF /* ObjectsModel.swift in Sources */,
				E8EE46242A1391760066A1CF /* ObjectsViewModel.swift in Sources */,
				E8EE46202A1387E30066A1CF /* ColorExtension.swift in Sources */,
				E8EE460E2A1364610066A1CF /* NetworkService.swift in Sources */,
				E89926B52A13CDF700876248 /* URLImageView.swift in Sources */,
			);
			runOnlyForDeploymentPostprocessing = 0;
		};
/* End PBXSourcesBuildPhase section */

/* Begin XCBuildConfiguration section */
		E8EE45F92A1359970066A1CF /* Debug */ = {
			isa = XCBuildConfiguration;
			buildSettings = {
				ALWAYS_SEARCH_USER_PATHS = NO;
				CLANG_ANALYZER_NONNULL = YES;
				CLANG_ANALYZER_NUMBER_OBJECT_CONVERSION = YES_AGGRESSIVE;
				CLANG_CXX_LANGUAGE_STANDARD = "gnu++20";
				CLANG_ENABLE_MODULES = YES;
				CLANG_ENABLE_OBJC_ARC = YES;
				CLANG_ENABLE_OBJC_WEAK = YES;
				CLANG_WARN_BLOCK_CAPTURE_AUTORELEASING = YES;
				CLANG_WARN_BOOL_CONVERSION = YES;
				CLANG_WARN_COMMA = YES;
				CLANG_WARN_CONSTANT_CONVERSION = YES;
				CLANG_WARN_DEPRECATED_OBJC_IMPLEMENTATIONS = YES;
				CLANG_WARN_DIRECT_OBJC_ISA_USAGE = YES_ERROR;
				CLANG_WARN_DOCUMENTATION_COMMENTS = YES;
				CLANG_WARN_EMPTY_BODY = YES;
				CLANG_WARN_ENUM_CONVERSION = YES;
				CLANG_WARN_INFINITE_RECURSION = YES;
				CLANG_WARN_INT_CONVERSION = YES;
				CLANG_WARN_NON_LITERAL_NULL_CONVERSION = YES;
				CLANG_WARN_OBJC_IMPLICIT_RETAIN_SELF = YES;
				CLANG_WARN_OBJC_LITERAL_CONVERSION = YES;
				CLANG_WARN_OBJC_ROOT_CLASS = YES_ERROR;
				CLANG_WARN_QUOTED_INCLUDE_IN_FRAMEWORK_HEADER = YES;
				CLANG_WARN_RANGE_LOOP_ANALYSIS = YES;
				CLANG_WARN_STRICT_PROTOTYPES = YES;
				CLANG_WARN_SUSPICIOUS_MOVE = YES;
				CLANG_WARN_UNGUARDED_AVAILABILITY = YES_AGGRESSIVE;
				CLANG_WARN_UNREACHABLE_CODE = YES;
				CLANG_WARN__DUPLICATE_METHOD_MATCH = YES;
				COPY_PHASE_STRIP = NO;
				DEBUG_INFORMATION_FORMAT = dwarf;
				ENABLE_STRICT_OBJC_MSGSEND = YES;
				ENABLE_TESTABILITY = YES;
				GCC_C_LANGUAGE_STANDARD = gnu11;
				GCC_DYNAMIC_NO_PIC = NO;
				GCC_NO_COMMON_BLOCKS = YES;
				GCC_OPTIMIZATION_LEVEL = 0;
				GCC_PREPROCESSOR_DEFINITIONS = (
					"DEBUG=1",
					"$(inherited)",
				);
				GCC_WARN_64_TO_32_BIT_CONVERSION = YES;
				GCC_WARN_ABOUT_RETURN_TYPE = YES_ERROR;
				GCC_WARN_UNDECLARED_SELECTOR = YES;
				GCC_WARN_UNINITIALIZED_AUTOS = YES_AGGRESSIVE;
				GCC_WARN_UNUSED_FUNCTION = YES;
				GCC_WARN_UNUSED_VARIABLE = YES;
				IPHONEOS_DEPLOYMENT_TARGET = 16.2;
				MTL_ENABLE_DEBUG_INFO = INCLUDE_SOURCE;
				MTL_FAST_MATH = YES;
				ONLY_ACTIVE_ARCH = YES;
				SDKROOT = iphoneos;
				SWIFT_ACTIVE_COMPILATION_CONDITIONS = DEBUG;
				SWIFT_OPTIMIZATION_LEVEL = "-Onone";
			};
			name = Debug;
		};
		E8EE45FA2A1359970066A1CF /* Release */ = {
			isa = XCBuildConfiguration;
			buildSettings = {
				ALWAYS_SEARCH_USER_PATHS = NO;
				CLANG_ANALYZER_NONNULL = YES;
				CLANG_ANALYZER_NUMBER_OBJECT_CONVERSION = YES_AGGRESSIVE;
				CLANG_CXX_LANGUAGE_STANDARD = "gnu++20";
				CLANG_ENABLE_MODULES = YES;
				CLANG_ENABLE_OBJC_ARC = YES;
				CLANG_ENABLE_OBJC_WEAK = YES;
				CLANG_WARN_BLOCK_CAPTURE_AUTORELEASING = YES;
				CLANG_WARN_BOOL_CONVERSION = YES;
				CLANG_WARN_COMMA = YES;
				CLANG_WARN_CONSTANT_CONVERSION = YES;
				CLANG_WARN_DEPRECATED_OBJC_IMPLEMENTATIONS = YES;
				CLANG_WARN_DIRECT_OBJC_ISA_USAGE = YES_ERROR;
				CLANG_WARN_DOCUMENTATION_COMMENTS = YES;
				CLANG_WARN_EMPTY_BODY = YES;
				CLANG_WARN_ENUM_CONVERSION = YES;
				CLANG_WARN_INFINITE_RECURSION = YES;
				CLANG_WARN_INT_CONVERSION = YES;
				CLANG_WARN_NON_LITERAL_NULL_CONVERSION = YES;
				CLANG_WARN_OBJC_IMPLICIT_RETAIN_SELF = YES;
				CLANG_WARN_OBJC_LITERAL_CONVERSION = YES;
				CLANG_WARN_OBJC_ROOT_CLASS = YES_ERROR;
				CLANG_WARN_QUOTED_INCLUDE_IN_FRAMEWORK_HEADER = YES;
				CLANG_WARN_RANGE_LOOP_ANALYSIS = YES;
				CLANG_WARN_STRICT_PROTOTYPES = YES;
				CLANG_WARN_SUSPICIOUS_MOVE = YES;
				CLANG_WARN_UNGUARDED_AVAILABILITY = YES_AGGRESSIVE;
				CLANG_WARN_UNREACHABLE_CODE = YES;
				CLANG_WARN__DUPLICATE_METHOD_MATCH = YES;
				COPY_PHASE_STRIP = NO;
				DEBUG_INFORMATION_FORMAT = "dwarf-with-dsym";
				ENABLE_NS_ASSERTIONS = NO;
				ENABLE_STRICT_OBJC_MSGSEND = YES;
				GCC_C_LANGUAGE_STANDARD = gnu11;
				GCC_NO_COMMON_BLOCKS = YES;
				GCC_WARN_64_TO_32_BIT_CONVERSION = YES;
				GCC_WARN_ABOUT_RETURN_TYPE = YES_ERROR;
				GCC_WARN_UNDECLARED_SELECTOR = YES;
				GCC_WARN_UNINITIALIZED_AUTOS = YES_AGGRESSIVE;
				GCC_WARN_UNUSED_FUNCTION = YES;
				GCC_WARN_UNUSED_VARIABLE = YES;
				IPHONEOS_DEPLOYMENT_TARGET = 16.2;
				MTL_ENABLE_DEBUG_INFO = NO;
				MTL_FAST_MATH = YES;
				SDKROOT = iphoneos;
				SWIFT_COMPILATION_MODE = wholemodule;
				SWIFT_OPTIMIZATION_LEVEL = "-O";
				VALIDATE_PRODUCT = YES;
			};
			name = Release;
		};
		E8EE45FC2A1359970066A1CF /* Debug */ = {
			isa = XCBuildConfiguration;
			buildSettings = {
				ASSETCATALOG_COMPILER_APPICON_NAME = AppIcon;
				ASSETCATALOG_COMPILER_GLOBAL_ACCENT_COLOR_NAME = AccentColor;
				CODE_SIGN_STYLE = Automatic;
				CURRENT_PROJECT_VERSION = 1;
				DEVELOPMENT_ASSET_PATHS = "\"2GIS_TEST/Preview Content\"";
				DEVELOPMENT_TEAM = 3T8QTL98W8;
				ENABLE_PREVIEWS = YES;
				GENERATE_INFOPLIST_FILE = YES;
				INFOPLIST_FILE = "-GIS-TEST-Info.plist";
				INFOPLIST_KEY_UIApplicationSceneManifest_Generation = YES;
				INFOPLIST_KEY_UIApplicationSupportsIndirectInputEvents = YES;
				INFOPLIST_KEY_UILaunchScreen_Generation = YES;
				INFOPLIST_KEY_UISupportedInterfaceOrientations_iPad = "UIInterfaceOrientationPortrait UIInterfaceOrientationPortraitUpsideDown UIInterfaceOrientationLandscapeLeft UIInterfaceOrientationLandscapeRight";
				INFOPLIST_KEY_UISupportedInterfaceOrientations_iPhone = "UIInterfaceOrientationPortrait UIInterfaceOrientationLandscapeLeft UIInterfaceOrientationLandscapeRight";
				LD_RUNPATH_SEARCH_PATHS = (
					"$(inherited)",
					"@executable_path/Frameworks",
				);
				MARKETING_VERSION = 1.0;
				PRODUCT_BUNDLE_IDENTIFIER = "AntonZyabkin.-GIS-TEST";
				PRODUCT_NAME = "$(TARGET_NAME)";
				SWIFT_EMIT_LOC_STRINGS = YES;
				SWIFT_VERSION = 5.0;
				TARGETED_DEVICE_FAMILY = "1,2";
			};
			name = Debug;
		};
		E8EE45FD2A1359970066A1CF /* Release */ = {
			isa = XCBuildConfiguration;
			buildSettings = {
				ASSETCATALOG_COMPILER_APPICON_NAME = AppIcon;
				ASSETCATALOG_COMPILER_GLOBAL_ACCENT_COLOR_NAME = AccentColor;
				CODE_SIGN_STYLE = Automatic;
				CURRENT_PROJECT_VERSION = 1;
				DEVELOPMENT_ASSET_PATHS = "\"2GIS_TEST/Preview Content\"";
				DEVELOPMENT_TEAM = 3T8QTL98W8;
				ENABLE_PREVIEWS = YES;
				GENERATE_INFOPLIST_FILE = YES;
				INFOPLIST_FILE = "-GIS-TEST-Info.plist";
				INFOPLIST_KEY_UIApplicationSceneManifest_Generation = YES;
				INFOPLIST_KEY_UIApplicationSupportsIndirectInputEvents = YES;
				INFOPLIST_KEY_UILaunchScreen_Generation = YES;
				INFOPLIST_KEY_UISupportedInterfaceOrientations_iPad = "UIInterfaceOrientationPortrait UIInterfaceOrientationPortraitUpsideDown UIInterfaceOrientationLandscapeLeft UIInterfaceOrientationLandscapeRight";
				INFOPLIST_KEY_UISupportedInterfaceOrientations_iPhone = "UIInterfaceOrientationPortrait UIInterfaceOrientationLandscapeLeft UIInterfaceOrientationLandscapeRight";
				LD_RUNPATH_SEARCH_PATHS = (
					"$(inherited)",
					"@executable_path/Frameworks",
				);
				MARKETING_VERSION = 1.0;
				PRODUCT_BUNDLE_IDENTIFIER = "AntonZyabkin.-GIS-TEST";
				PRODUCT_NAME = "$(TARGET_NAME)";
				SWIFT_EMIT_LOC_STRINGS = YES;
				SWIFT_VERSION = 5.0;
				TARGETED_DEVICE_FAMILY = "1,2";
			};
			name = Release;
		};
/* End XCBuildConfiguration section */

/* Begin XCConfigurationList section */
		E8EE45E82A1359950066A1CF /* Build configuration list for PBXProject "2GIS_TEST" */ = {
			isa = XCConfigurationList;
			buildConfigurations = (
				E8EE45F92A1359970066A1CF /* Debug */,
				E8EE45FA2A1359970066A1CF /* Release */,
			);
			defaultConfigurationIsVisible = 0;
			defaultConfigurationName = Release;
		};
		E8EE45FB2A1359970066A1CF /* Build configuration list for PBXNativeTarget "2GIS_TEST" */ = {
			isa = XCConfigurationList;
			buildConfigurations = (
				E8EE45FC2A1359970066A1CF /* Debug */,
				E8EE45FD2A1359970066A1CF /* Release */,
			);
			defaultConfigurationIsVisible = 0;
			defaultConfigurationName = Release;
		};
/* End XCConfigurationList section */

/* Begin XCRemoteSwiftPackageReference section */
		E8EE460F2A13650A0066A1CF /* XCRemoteSwiftPackageReference "Moya" */ = {
			isa = XCRemoteSwiftPackageReference;
			repositoryURL = "https://github.com/Moya/Moya.git";
			requirement = {
				kind = upToNextMajorVersion;
				minimumVersion = 15.0.0;
			};
		};
		E8EE46162A136ADF0066A1CF /* XCRemoteSwiftPackageReference "FlowStacks" */ = {
			isa = XCRemoteSwiftPackageReference;
			repositoryURL = "https://github.com/johnpatrickmorgan/FlowStacks";
			requirement = {
				kind = upToNextMajorVersion;
				minimumVersion = 0.3.1;
			};
		};
/* End XCRemoteSwiftPackageReference section */

/* Begin XCSwiftPackageProductDependency section */
		E8EE46102A13650A0066A1CF /* Moya */ = {
			isa = XCSwiftPackageProductDependency;
			package = E8EE460F2A13650A0066A1CF /* XCRemoteSwiftPackageReference "Moya" */;
			productName = Moya;
		};
		E8EE46172A136ADF0066A1CF /* FlowStacks */ = {
			isa = XCSwiftPackageProductDependency;
			package = E8EE46162A136ADF0066A1CF /* XCRemoteSwiftPackageReference "FlowStacks" */;
			productName = FlowStacks;
		};
/* End XCSwiftPackageProductDependency section */
	};
	rootObject = E8EE45E52A1359950066A1CF /* Project object */;
}
